{
  "name": "tinypng",
  "version": "1.0.0",
  "lockfileVersion": 1,
  "requires": true,
  "dependencies": {
    "promise-nodeify": {
      "version": "1.0.1",
      "resolved": "https://registry.npmjs.org/promise-nodeify/-/promise-nodeify-1.0.1.tgz",
      "integrity": "sha1-BeeMzhYvkwId0oXGba3Ditqq44w="
    },
    "proxying-agent": {
      "version": "2.1.1",
      "resolved": "https://registry.npmjs.org/proxying-agent/-/proxying-agent-2.1.1.tgz",
      "integrity": "sha1-vdhGrmUs5JC3aZANS7KlIlRjrQo="
    },
    "tinify": {
      "version": "1.5.0",
      "resolved": "https://registry.npmjs.org/tinify/-/tinify-1.5.0.tgz",
      "integrity": "sha1-a6LqfognyEXSY947RvTbe61VWSA=",
      "requires": {
        "promise-nodeify": "1.0.1",
        "proxying-agent": "2.1.1"
      }
    }
  }
}
